
Microsoft Visual Studio Solution File, Format Version 12.00
# Visual Studio Version 17
VisualStudioVersion = 17.7.34221.43
MinimumVisualStudioVersion = 10.0.40219.1
Project("{FAE04EC0-301F-11D3-BF4B-00C04F79EFBC}") = "SL2aGame", "SL2aGame\SL2aGame.csproj", "{47637633-9D2D-4D46-A4EF-05EC6A64AA54}"
EndProject
Global
	GlobalSection(SolutionConfigurationPlatforms) = preSolution
		Debug|Any CPU = Debug|Any CPU
		Release|Any CPU = Release|Any CPU
	EndGlobalSection
	GlobalSection(ProjectConfigurationPlatforms) = postSolution
		{47637633-9D2D-4D46-A4EF-05EC6A64AA54}.Debug|Any CPU.ActiveCfg = Debug|Any CPU
		{47637633-9D2D-4D46-A4EF-05EC6A64AA54}.Debug|Any CPU.Build.0 = Debug|Any CPU
		{47637633-9D2D-4D46-A4EF-05EC6A64AA54}.Release|Any CPU.ActiveCfg = Release|Any CPU
		{47637633-9D2D-4D46-A4EF-05EC6A64AA54}.Release|Any CPU.Build.0 = Release|Any CPU
	EndGlobalSection
	GlobalSection(SolutionProperties) = preSolution
		HideSolutionNode = FALSE
	EndGlobalSection
	GlobalSection(ExtensibilityGlobals) = postSolution
		SolutionGuid = {EA3A2282-F68E-42C8-B0AF-B52E8F321855}
	EndGlobalSection
EndGlobal
